// !$*UTF8*$!
{
	archiveVersion = 1;
	classes = {
	};
	objectVersion = 46;
	objects = {

/* Begin PBXBuildFile section */
		EFE42DD21ED67F8200F1A49E /* AppDelegate.swift in Sources */ = {isa = PBXBuildFile; fileRef = EFE42DD11ED67F8200F1A49E /* AppDelegate.swift */; };
		EFE42DD41ED67F8200F1A49E /* ViewController.swift in Sources */ = {isa = PBXBuildFile; fileRef = EFE42DD31ED67F8200F1A49E /* ViewController.swift */; };
		EFE42DD71ED67F8200F1A49E /* Main.storyboard in Resources */ = {isa = PBXBuildFile; fileRef = EFE42DD51ED67F8200F1A49E /* Main.storyboard */; };
		EFE42DD91ED67F8200F1A49E /* Assets.xcassets in Resources */ = {isa = PBXBuildFile; fileRef = EFE42DD81ED67F8200F1A49E /* Assets.xcassets */; };
		EFE42DDC1ED67F8200F1A49E /* LaunchScreen.storyboard in Resources */ = {isa = PBXBuildFile; fileRef = EFE42DDA1ED67F8200F1A49E /* LaunchScreen.storyboard */; };
		EFE42DF41ED6851A00F1A49E /* JLYoutubeActivity.bundle in Resources */ = {isa = PBXBuildFile; fileRef = EFE42DF01ED6851A00F1A49E /* JLYoutubeActivity.bundle */; };
		EFE42DF61ED6851A00F1A49E /* JLYoutubeActivity.podspec in Resources */ = {isa = PBXBuildFile; fileRef = EFE42DF31ED6851A00F1A49E /* JLYoutubeActivity.podspec */; };
		EFE8533D208F025C00859E98 /* JLYoutubeActivity.swift in Sources */ = {isa = PBXBuildFile; fileRef = EFE8533C208F025C00859E98 /* JLYoutubeActivity.swift */; };
/* End PBXBuildFile section */

/* Begin PBXFileReference section */
		EFE42DCE1ED67F8200F1A49E /* JLYoutubeActivityDemo.app */ = {isa = PBXFileReference; explicitFileType = wrapper.application; includeInIndex = 0; path = JLYoutubeActivityDemo.app; sourceTree = BUILT_PRODUCTS_DIR; };
		EFE42DD11ED67F8200F1A49E /* AppDelegate.swift */ = {isa = PBXFileReference; lastKnownFileType = sourcecode.swift; path = AppDelegate.swift; sourceTree = "<group>"; };
		EFE42DD31ED67F8200F1A49E /* ViewController.swift */ = {isa = PBXFileReference; lastKnownFileType = sourcecode.swift; path = ViewController.swift; sourceTree = "<group>"; };
		EFE42DD61ED67F8200F1A49E /* Base */ = {isa = PBXFileReference; lastKnownFileType = file.storyboard; name = Base; path = Base.lproj/Main.storyboard; sourceTree = "<group>"; };
		EFE42DD81ED67F8200F1A49E /* Assets.xcassets */ = {isa = PBXFileReference; lastKnownFileType = folder.assetcatalog; path = Assets.xcassets; sourceTree = "<group>"; };
		EFE42DDB1ED67F8200F1A49E /* Base */ = {isa = PBXFileReference; lastKnownFileType = file.storyboard; name = Base; path = Base.lproj/LaunchScreen.storyboard; sourceTree = "<group>"; };
		EFE42DDD1ED67F8200F1A49E /* Info.plist */ = {isa = PBXFileReference; lastKnownFileType = text.plist.xml; path = Info.plist; sourceTree = "<group>"; };
		EFE42DF01ED6851A00F1A49E /* JLYoutubeActivity.bundle */ = {isa = PBXFileReference; lastKnownFileType = "wrapper.plug-in"; path = JLYoutubeActivity.bundle; sourceTree = "<group>"; };
		EFE42DF31ED6851A00F1A49E /* JLYoutubeActivity.podspec */ = {isa = PBXFileReference; fileEncoding = 4; lastKnownFileType = text; name = JLYoutubeActivity.podspec; path = ../JLYoutubeActivity.podspec; sourceTree = "<group>"; };
		EFE8533C208F025C00859E98 /* JLYoutubeActivity.swift */ = {isa = PBXFileReference; lastKnownFileType = sourcecode.swift; path = JLYoutubeActivity.swift; sourceTree = "<group>"; };
/* End PBXFileReference section */

/* Begin PBXFrameworksBuildPhase section */
		EFE42DCB1ED67F8200F1A49E /* Frameworks */ = {
			isa = PBXFrameworksBuildPhase;
			buildActionMask = 2147483647;
			files = (
			);
			runOnlyForDeploymentPostprocessing = 0;
		};
/* End PBXFrameworksBuildPhase section */

/* Begin PBXGroup section */
		EFE42DC51ED67F8200F1A49E = {
			isa = PBXGroup;
			children = (
				EFE42DF31ED6851A00F1A49E /* JLYoutubeActivity.podspec */,
				EFE42DEF1ED6851A00F1A49E /* JLYoutubeActivity */,
				EFE42DD01ED67F8200F1A49E /* JLYoutubeActivityDemo */,
				EFE42DCF1ED67F8200F1A49E /* Products */,
			);
			sourceTree = "<group>";
		};
		EFE42DCF1ED67F8200F1A49E /* Products */ = {
			isa = PBXGroup;
			children = (
				EFE42DCE1ED67F8200F1A49E /* JLYoutubeActivityDemo.app */,
			);
			name = Products;
			sourceTree = "<group>";
		};
		EFE42DD01ED67F8200F1A49E /* JLYoutubeActivityDemo */ = {
			isa = PBXGroup;
			children = (
				EFE42DD11ED67F8200F1A49E /* AppDelegate.swift */,
				EFE42DD31ED67F8200F1A49E /* ViewController.swift */,
				EFE42DD51ED67F8200F1A49E /* Main.storyboard */,
				EFE42DD81ED67F8200F1A49E /* Assets.xcassets */,
				EFE42DDA1ED67F8200F1A49E /* LaunchScreen.storyboard */,
				EFE42DDD1ED67F8200F1A49E /* Info.plist */,
			);
			path = JLYoutubeActivityDemo;
			sourceTree = "<group>";
		};
		EFE42DEF1ED6851A00F1A49E /* JLYoutubeActivity */ = {
			isa = PBXGroup;
			children = (
				EFE42DF01ED6851A00F1A49E /* JLYoutubeActivity.bundle */,
				EFE8533C208F025C00859E98 /* JLYoutubeActivity.swift */,
			);
			name = JLYoutubeActivity;
			path = ../JLYoutubeActivity;
			sourceTree = "<group>";
		};
/* End PBXGroup section */

/* Begin PBXNativeTarget section */
		EFE42DCD1ED67F8200F1A49E /* JLYoutubeActivityDemo */ = {
			isa = PBXNativeTarget;
			buildConfigurationList = EFE42DE01ED67F8200F1A49E /* Build configuration list for PBXNativeTarget "JLYoutubeActivityDemo" */;
			buildPhases = (
				EFE42DCA1ED67F8200F1A49E /* Sources */,
				EFE42DCB1ED67F8200F1A49E /* Frameworks */,
				EFE42DCC1ED67F8200F1A49E /* Resources */,
			);
			buildRules = (
			);
			dependencies = (
			);
			name = JLYoutubeActivityDemo;
			productName = JLYoutubeActivityDemo;
			productReference = EFE42DCE1ED67F8200F1A49E /* JLYoutubeActivityDemo.app */;
			productType = "com.apple.product-type.application";
		};
/* End PBXNativeTarget section */

/* Begin PBXProject section */
		EFE42DC61ED67F8200F1A49E /* Project object */ = {
			isa = PBXProject;
			attributes = {
				LastSwiftUpdateCheck = 0830;
				LastUpgradeCheck = 0930;
				ORGANIZATIONNAME = Woody;
				TargetAttributes = {
					EFE42DCD1ED67F8200F1A49E = {
						CreatedOnToolsVersion = 8.3.2;
						DevelopmentTeam = SCHCN3R38K;
						LastSwiftMigration = 0930;
						ProvisioningStyle = Automatic;
					};
				};
			};
			buildConfigurationList = EFE42DC91ED67F8200F1A49E /* Build configuration list for PBXProject "JLYoutubeActivityDemo" */;
			compatibilityVersion = "Xcode 3.2";
			developmentRegion = English;
			hasScannedForEncodings = 0;
			knownRegions = (
				en,
				Base,
			);
			mainGroup = EFE42DC51ED67F8200F1A49E;
			productRefGroup = EFE42DCF1ED67F8200F1A49E /* Products */;
			projectDirPath = "";
			projectRoot = "";
			targets = (
				EFE42DCD1ED67F8200F1A49E /* JLYoutubeActivityDemo */,
			);
		};
/* End PBXProject section */

/* Begin PBXResourcesBuildPhase section */
		EFE42DCC1ED67F8200F1A49E /* Resources */ = {
			isa = PBXResourcesBuildPhase;
			buildActionMask = 2147483647;
			files = (
				EFE42DF61ED6851A00F1A49E /* JLYoutubeActivity.podspec in Resources */,
				EFE42DF41ED6851A00F1A49E /* JLYoutubeActivity.bundle in Resources */,
				EFE42DDC1ED67F8200F1A49E /* LaunchScreen.storyboard in Resources */,
				EFE42DD91ED67F8200F1A49E /* Assets.xcassets in Resources */,
				EFE42DD71ED67F8200F1A49E /* Main.storyboard in Resources */,
			);
			runOnlyForDeploymentPostprocessing = 0;
		};
/* End PBXResourcesBuildPhase section */

/* Begin PBXSourcesBuildPhase section */
		EFE42DCA1ED67F8200F1A49E /* Sources */ = {
			isa = PBXSourcesBuildPhase;
			buildActionMask = 2147483647;
			files = (
				EFE42DD41ED67F8200F1A49E /* ViewController.swift in Sources */,
				EFE42DD21ED67F8200F1A49E /* AppDelegate.swift in Sources */,
				EFE8533D208F025C00859E98 /* JLYoutubeActivity.swift in Sources */,
			);
			runOnlyForDeploymentPostprocessing = 0;
		};
/* End PBXSourcesBuildPhase section */

/* Begin PBXVariantGroup section */
		EFE42DD51ED67F8200F1A49E /* Main.storyboard */ = {
			isa = PBXVariantGroup;
			children = (
				EFE42DD61ED67F8200F1A49E /* Base */,
			);
			name = Main.storyboard;
			sourceTree = "<group>";
		};
		EFE42DDA1ED67F8200F1A49E /* LaunchScreen.storyboard */ = {
			isa = PBXVariantGroup;
			children = (
				EFE42DDB1ED67F8200F1A49E /* Base */,
			);
			name = LaunchScreen.storyboard;
			sourceTree = "<group>";
		};
/* End PBXVariantGroup section */

/* Begin XCBuildConfiguration section */
		EFE42DDE1ED67F8200F1A49E /* Debug */ = {
			isa = XCBuildConfiguration;
			buildSettings = {
				ALWAYS_SEARCH_USER_PATHS = NO;
				CLANG_ANALYZER_NONNULL = YES;
				CLANG_ANALYZER_NUMBER_OBJECT_CONVERSION = YES_AGGRESSIVE;
				CLANG_CXX_LANGUAGE_STANDARD = "gnu++0x";
				CLANG_CXX_LIBRARY = "libc++";
				CLANG_ENABLE_MODULES = YES;
				CLANG_ENABLE_OBJC_ARC = YES;
				CLANG_WARN_BLOCK_CAPTURE_AUTORELEASING = YES;
				CLANG_WARN_BOOL_CONVERSION = YES;
				CLANG_WARN_COMMA = YES;
				CLANG_WARN_CONSTANT_CONVERSION = YES;
				CLANG_WARN_DEPRECATED_OBJC_IMPLEMENTATIONS = YES;
				CLANG_WARN_DIRECT_OBJC_ISA_USAGE = YES_ERROR;
				CLANG_WARN_DOCUMENTATION_COMMENTS = YES;
				CLANG_WARN_EMPTY_BODY = YES;
				CLANG_WARN_ENUM_CONVERSION = YES;
				CLANG_WARN_INFINITE_RECURSION = YES;
				CLANG_WARN_INT_CONVERSION = YES;
				CLANG_WARN_NON_LITERAL_NULL_CONVERSION = YES;
				CLANG_WARN_OBJC_IMPLICIT_RETAIN_SELF = YES;
				CLANG_WARN_OBJC_LITERAL_CONVERSION = YES;
				CLANG_WARN_OBJC_ROOT_CLASS = YES_ERROR;
				CLANG_WARN_RANGE_LOOP_ANALYSIS = YES;
				CLANG_WARN_STRICT_PROTOTYPES = YES;
				CLANG_WARN_SUSPICIOUS_MOVE = YES;
				CLANG_WARN_UNREACHABLE_CODE = YES;
				CLANG_WARN__DUPLICATE_METHOD_MATCH = YES;
				"CODE_SIGN_IDENTITY[sdk=iphoneos*]" = "iPhone Developer";
				COPY_PHASE_STRIP = NO;
				DEBUG_INFORMATION_FORMAT = dwarf;
				ENABLE_STRICT_OBJC_MSGSEND = YES;
				ENABLE_TESTABILITY = YES;
				GCC_C_LANGUAGE_STANDARD = gnu99;
				GCC_DYNAMIC_NO_PIC = NO;
				GCC_NO_COMMON_BLOCKS = YES;
				GCC_OPTIMIZATION_LEVEL = 0;
				GCC_PREPROCESSOR_DEFINITIONS = (
					"DEBUG=1",
					"$(inherited)",
				);
				GCC_WARN_64_TO_32_BIT_CONVERSION = YES;
				GCC_WARN_ABOUT_RETURN_TYPE = YES_ERROR;
				GCC_WARN_UNDECLARED_SELECTOR = YES;
				GCC_WARN_UNINITIALIZED_AUTOS = YES_AGGRESSIVE;
				GCC_WARN_UNUSED_FUNCTION = YES;
				GCC_WARN_UNUSED_VARIABLE = YES;
				IPHONEOS_DEPLOYMENT_TARGET = 10.3;
				MTL_ENABLE_DEBUG_INFO = YES;
				ONLY_ACTIVE_ARCH = YES;
				SDKROOT = iphoneos;
				SWIFT_ACTIVE_COMPILATION_CONDITIONS = DEBUG;
				SWIFT_OPTIMIZATION_LEVEL = "-Onone";
				SWIFT_VERSION = 4.0;
			};
			name = Debug;
		};
		EFE42DDF1ED67F8200F1A49E /* Release */ = {
			isa = XCBuildConfiguration;
			buildSettings = {
				ALWAYS_SEARCH_USER_PATHS = NO;
				CLANG_ANALYZER_NONNULL = YES;
				CLANG_ANALYZER_NUMBER_OBJECT_CONVERSION = YES_AGGRESSIVE;
				CLANG_CXX_LANGUAGE_STANDARD = "gnu++0x";
				CLANG_CXX_LIBRARY = "libc++";
				CLANG_ENABLE_MODULES = YES;
				CLANG_ENABLE_OBJC_ARC = YES;
				CLANG_WARN_BLOCK_CAPTURE_AUTORELEASING = YES;
				CLANG_WARN_BOOL_CONVERSION = YES;
				CLANG_WARN_COMMA = YES;
				CLANG_WARN_CONSTANT_CONVERSION = YES;
				CLANG_WARN_DEPRECATED_OBJC_IMPLEMENTATIONS = YES;
				CLANG_WARN_DIRECT_OBJC_ISA_USAGE = YES_ERROR;
				CLANG_WARN_DOCUMENTATION_COMMENTS = YES;
				CLANG_WARN_EMPTY_BODY = YES;
				CLANG_WARN_ENUM_CONVERSION = YES;
				CLANG_WARN_INFINITE_RECURSION = YES;
				CLANG_WARN_INT_CONVERSION = YES;
				CLANG_WARN_NON_LITERAL_NULL_CONVERSION = YES;
				CLANG_WARN_OBJC_IMPLICIT_RETAIN_SELF = YES;
				CLANG_WARN_OBJC_LITERAL_CONVERSION = YES;
				CLANG_WARN_OBJC_ROOT_CLASS = YES_ERROR;
				CLANG_WARN_RANGE_LOOP_ANALYSIS = YES;
				CLANG_WARN_STRICT_PROTOTYPES = YES;
				CLANG_WARN_SUSPICIOUS_MOVE = YES;
				CLANG_WARN_UNREACHABLE_CODE = YES;
				CLANG_WARN__DUPLICATE_METHOD_MATCH = YES;
				"CODE_SIGN_IDENTITY[sdk=iphoneos*]" = "iPhone Developer";
				COPY_PHASE_STRIP = NO;
				DEBUG_INFORMATION_FORMAT = "dwarf-with-dsym";
				ENABLE_NS_ASSERTIONS = NO;
				ENABLE_STRICT_OBJC_MSGSEND = YES;
				GCC_C_LANGUAGE_STANDARD = gnu99;
				GCC_NO_COMMON_BLOCKS = YES;
				GCC_WARN_64_TO_32_BIT_CONVERSION = YES;
				GCC_WARN_ABOUT_RETURN_TYPE = YES_ERROR;
				GCC_WARN_UNDECLARED_SELECTOR = YES;
				GCC_WARN_UNINITIALIZED_AUTOS = YES_AGGRESSIVE;
				GCC_WARN_UNUSED_FUNCTION = YES;
				GCC_WARN_UNUSED_VARIABLE = YES;
				IPHONEOS_DEPLOYMENT_TARGET = 10.3;
				MTL_ENABLE_DEBUG_INFO = NO;
				SDKROOT = iphoneos;
				SWIFT_OPTIMIZATION_LEVEL = "-Owholemodule";
				SWIFT_VERSION = 4.0;
				VALIDATE_PRODUCT = YES;
			};
			name = Release;
		};
		EFE42DE11ED67F8200F1A49E /* Debug */ = {
			isa = XCBuildConfiguration;
			buildSettings = {
				ASSETCATALOG_COMPILER_APPICON_NAME = AppIcon;
				CLANG_ENABLE_MODULES = YES;
				DEVELOPMENT_TEAM = SCHCN3R38K;
				INFOPLIST_FILE = JLYoutubeActivityDemo/Info.plist;
				IPHONEOS_DEPLOYMENT_TARGET = 8.0;
				LD_RUNPATH_SEARCH_PATHS = "$(inherited) @executable_path/Frameworks";
				PRODUCT_BUNDLE_IDENTIFIER = JLSeries.JLYoutubeActivityDemo;
				PRODUCT_NAME = "$(TARGET_NAME)";
				SWIFT_OBJC_BRIDGING_HEADER = "";
				SWIFT_OPTIMIZATION_LEVEL = "-Onone";
				SWIFT_SWIFT3_OBJC_INFERENCE = On;
				SWIFT_VERSION = 4.0;
			};
			name = Debug;
		};
		EFE42DE21ED67F8200F1A49E /* Release */ = {
			isa = XCBuildConfiguration;
			buildSettings = {
				ASSETCATALOG_COMPILER_APPICON_NAME = AppIcon;
				CLANG_ENABLE_MODULES = YES;
				DEVELOPMENT_TEAM = SCHCN3R38K;
				INFOPLIST_FILE = JLYoutubeActivityDemo/Info.plist;
				IPHONEOS_DEPLOYMENT_TARGET = 8.0;
				LD_RUNPATH_SEARCH_PATHS = "$(inherited) @executable_path/Frameworks";
				PRODUCT_BUNDLE_IDENTIFIER = JLSeries.JLYoutubeActivityDemo;
				PRODUCT_NAME = "$(TARGET_NAME)";
				SWIFT_OBJC_BRIDGING_HEADER = "";
				SWIFT_SWIFT3_OBJC_INFERENCE = On;
				SWIFT_VERSION = 4.0;
			};
			name = Release;
		};
/* End XCBuildConfiguration section */

/* Begin XCConfigurationList section */
		EFE42DC91ED67F8200F1A49E /* Build configuration list for PBXProject "JLYoutubeActivityDemo" */ = {
			isa = XCConfigurationList;
			buildConfigurations = (
				EFE42DDE1ED67F8200F1A49E /* Debug */,
				EFE42DDF1ED67F8200F1A49E /* Release */,
			);
			defaultConfigurationIsVisible = 0;
			defaultConfigurationName = Release;
		};
		EFE42DE01ED67F8200F1A49E /* Build configuration list for PBXNativeTarget "JLYoutubeActivityDemo" */ = {
			isa = XCConfigurationList;
			buildConfigurations = (
				EFE42DE11ED67F8200F1A49E /* Debug */,
				EFE42DE21ED67F8200F1A49E /* Release */,
			);
			defaultConfigurationIsVisible = 0;
			defaultConfigurationName = Release;
		};
/* End XCConfigurationList section */
	};
	rootObject = EFE42DC61ED67F8200F1A49E /* Project object */;
}
